{
  "lockfileVersion": 1,
  "configVersion": 1,
  "workspaces": {
    "": {
      "devDependencies": {
        "autoprefixer": "^10.4.23",
        "postcss": "^8.5.6",
        "tailwindcss": "^4.1.18",
      },
    },
  },
  "packages": {
    "autoprefixer": ["autoprefixer@10.5.4", "", { "dependencies": { "browserslist": "^4.28.6", "caniuse-lite": "^1.0.30001806", "fraction.js": "^5.3.4", "picocolors": "^1.1.1", "postcss-value-parser": "^4.2.0" }, "peerDependencies": { "postcss": "^8.1.0" }, "bin": { "autoprefixer": "bin/autoprefixer" } }, "sha512-MaU0U/za7N3r6brxD4YB/l4NSrFzLPlANv6wEuQVaIPlD3L4W9rFcQPbL/EilY9BHhHvhfcz3gInDLrEtWT4EA=="],

    "baseline-browser-mapping": ["baseline-browser-mapping@2.11.1", "", { "bin": { "baseline-browser-mapping": "dist/cli.cjs" } }, "sha512-HYXq73DDpCtNzOmrFsm9eSwCvWCql0RzqjpDzXN9EadiLJ4DNat0nsZ/Bzmy+Ud12mb4/zKDY0cQ805ZzN+i0A=="],

    "browserslist": ["browserslist@4.28.7", "", { "dependencies": { "baseline-browser-mapping": "^2.10.44", "caniuse-lite": "^1.0.30001806", "electron-to-chromium": "^1.5.393", "node-releases": "^2.0.51", "update-browserslist-db": "^1.2.3" }, "bin": { "browserslist": "cli.js" } }, "sha512-JxV13hNrFxqjOc8alRbq9dK1MM79NEXYpma2B2J4wAtpWS5zIEIKqWPGCl7N4o7Uc7B7itylh7SuDujATRyyTw=="],

    "caniuse-lite": ["caniuse-lite@1.0.30001806", "", {}, "sha512-72Cuvd95zbSYPKq6Fhg8eDJRlzgWDf7/mtoZv6Qe/DYNCEBdNxoA3+rZAU2ZhGCpZlns3EssFavaZomckT5Uuw=="],

    "electron-to-chromium": ["electron-to-chromium@1.5.395", "", {}, "sha512-7zt9Aw+SrmxLWLN0zhaTWZQiCdryLVrYTq5R7iZakLvi2UQPYMMsROYV/2qVCzMeCiSXHwKOU+sZ4zOVVlrtKA=="],

    "escalade": ["escalade@3.2.0", "", {}, "sha512-WUj2qlxaQtO4g6Pq5c29GTcWGDyd8itL8zTlipgECz3JesAiiOKotd8JU6otB3PACgG6xkJUyVhboMS+bje/jA=="],

    "fraction.js": ["fraction.js@5.3.4", "", {}, "sha512-1X1NTtiJphryn/uLQz3whtY6jK3fTqoE3ohKs0tT+Ujr1W59oopxmoEh7Lu5p6vBaPbgoM0bzveAW4Qi5RyWDQ=="],

    "nanoid": ["nanoid@3.3.16", "", { "bin": { "nanoid": "bin/nanoid.cjs" } }, "sha512-bzlKTyNJ7+LdGIIwy8ijFpIqEQIvafahV7eYykJ8Cvh42EdJeODoJ6gUJXpQJvej1BddH8OqTXZNE/KfbWAu8Q=="],

    "node-releases": ["node-releases@2.0.51", "", {}, "sha512-wRNIrw4DmVLKQlbgOMdkMx27Wrpzes2hh5Jtbi2bjPd+4wJstWIqP5A+lscnqbm0xxmT5Bpg8Lec5ItEBwx6BQ=="],

    "picocolors": ["picocolors@1.1.1", "", {}, "sha512-xceH2snhtb5M9liqDsmEw56le376mTZkEX/jEb/RxNFyegNul7eNslCXP9FDj/Lcu0X8KEyMceP2ntpaHrDEVA=="],

    "postcss": ["postcss@8.5.22", "", { "dependencies": { "nanoid": "^3.3.16", "picocolors": "^1.1.1", "source-map-js": "^1.2.1" } }, "sha512-KBDEIpLrvpv16pp3K0Fw+UCoZfopFjjgeB+0tA/aaThfEE74kKDLrgg603YvOWJyg3+WYtyq3xYsQWsIyZlPqQ=="],

    "postcss-value-parser": ["postcss-value-parser@4.2.0", "", {}, "sha512-1NNCs6uurfkVbeXG4S8JFT9t19m45ICnif8zWLd5oPSZ50QnwMfK+H3jv408d4jw/7Bttv5axS5IiHoLaVNHeQ=="],

    "source-map-js": ["source-map-js@1.2.1", "", {}, "sha512-UXWMKhLOwVKb728IUtQPXxfYU+usdybtUrK/8uGE8CQMvrhOpwvzDBwj0QhSL7MQc7vIsISBG8VQ8+IDQxpfQA=="],

    "tailwindcss": ["tailwindcss@4.3.3", "", {}, "sha512-gOhV3P7ufE62QDGg1zVaTgCR+EtPv92k2nIhVcVKcLmxT1sUBsQGhnZj175j+MqRt4zLF7ic+sCYjfhxMxj7YQ=="],

    "update-browserslist-db": ["update-browserslist-db@1.2.3", "", { "dependencies": { "escalade": "^3.2.0", "picocolors": "^1.1.1" }, "peerDependencies": { "browserslist": ">= 4.21.0" }, "bin": { "update-browserslist-db": "cli.js" } }, "sha512-Js0m9cx+qOgDxo0eMiFGEueWztz+d4+M3rGlmKPT+T4IS/jP4ylw3Nwpu6cpTTP8R1MAC1kF4VbdLt3ARf209w=="],
  }
}
